
Microsoft Visual Studio Solution File, Format Version 11.00
# Visual Studio 2010
Project("{FAE04EC0-301F-11D3-BF4B-00C04F79EFBC}") = "Outline", "Outline.csproj", "{e750c886-801d-aa68-1342-838d2a576cbd}"
EndProject
Project("{FAE04EC0-301F-11D3-BF4B-00C04F79EFBC}") = "Assembly-CSharp", "Assembly-CSharp.csproj", "{9fa5f789-ba5d-bf28-034c-0c8987af7a68}"
EndProject
Project("{FAE04EC0-301F-11D3-BF4B-00C04F79EFBC}") = "Abstractions", "Abstractions.csproj", "{95853f1c-afe5-0319-76e3-15ba29d1f3b2}"
EndProject
Project("{FAE04EC0-301F-11D3-BF4B-00C04F79EFBC}") = "UIPresenter", "UIPresenter.csproj", "{045c3506-4e9e-71b1-13f8-30180f99dd08}"
EndProject
Project("{FAE04EC0-301F-11D3-BF4B-00C04F79EFBC}") = "Core", "Core.csproj", "{bfb39396-c83e-8356-e211-b83c5a77eb1f}"
EndProject
Project("{FAE04EC0-301F-11D3-BF4B-00C04F79EFBC}") = "UIView", "UIView.csproj", "{2e9d280e-2746-ccde-cc29-74491d28020f}"
EndProject
Project("{FAE04EC0-301F-11D3-BF4B-00C04F79EFBC}") = "UIModel", "UIModel.csproj", "{35b86f57-e971-13c3-0c80-cca92a7d2693}"
EndProject
Global
	GlobalSection(SolutionConfigurationPlatforms) = preSolution
		Debug|Any CPU = Debug|Any CPU
	EndGlobalSection
	GlobalSection(ProjectConfigurationPlatforms) = postSolution
		{e750c886-801d-aa68-1342-838d2a576cbd}.Debug|Any CPU.ActiveCfg = Debug|Any CPU
		{e750c886-801d-aa68-1342-838d2a576cbd}.Debug|Any CPU.Build.0 = Debug|Any CPU
		{9fa5f789-ba5d-bf28-034c-0c8987af7a68}.Debug|Any CPU.ActiveCfg = Debug|Any CPU
		{9fa5f789-ba5d-bf28-034c-0c8987af7a68}.Debug|Any CPU.Build.0 = Debug|Any CPU
		{95853f1c-afe5-0319-76e3-15ba29d1f3b2}.Debug|Any CPU.ActiveCfg = Debug|Any CPU
		{95853f1c-afe5-0319-76e3-15ba29d1f3b2}.Debug|Any CPU.Build.0 = Debug|Any CPU
		{045c3506-4e9e-71b1-13f8-30180f99dd08}.Debug|Any CPU.ActiveCfg = Debug|Any CPU
		{045c3506-4e9e-71b1-13f8-30180f99dd08}.Debug|Any CPU.Build.0 = Debug|Any CPU
		{bfb39396-c83e-8356-e211-b83c5a77eb1f}.Debug|Any CPU.ActiveCfg = Debug|Any CPU
		{bfb39396-c83e-8356-e211-b83c5a77eb1f}.Debug|Any CPU.Build.0 = Debug|Any CPU
		{2e9d280e-2746-ccde-cc29-74491d28020f}.Debug|Any CPU.ActiveCfg = Debug|Any CPU
		{2e9d280e-2746-ccde-cc29-74491d28020f}.Debug|Any CPU.Build.0 = Debug|Any CPU
		{35b86f57-e971-13c3-0c80-cca92a7d2693}.Debug|Any CPU.ActiveCfg = Debug|Any CPU
		{35b86f57-e971-13c3-0c80-cca92a7d2693}.Debug|Any CPU.Build.0 = Debug|Any CPU
	EndGlobalSection
	GlobalSection(SolutionProperties) = preSolution
		HideSolutionNode = FALSE
	EndGlobalSection
EndGlobal
